# This file is autogenerated, do not edit; changes may be undone by the next 'dep ensure'.


[[projects]]
  name = "github.com/guregu/null"
  packages = ["."]
  revision = "e81d6d8d57747b34d7c5fe0d20ebf57692f04ea9"
  version = "v3.3.0"

[solve-meta]
  analyzer-name = "dep"
  analyzer-version = 1
  inputs-digest = "efb0458c7414968905d7fe7d4d0e5599745cc0887a3e621fc573139ba91f901f"
  solver-name = "gps-cdcl"
  solver-version = 1
